
Microsoft Visual Studio Solution File, Format Version 12.00
# Visual Studio Version 17
VisualStudioVersion = 17.1.32210.238
MinimumVisualStudioVersion = 10.0.40219.1
Project("{9A19103F-16F7-4668-BE54-9A1E7A4F7556}") = "JSLibrary", "JSLibrary\JSLibrary.csproj", "{39AB38F3-8A9D-4A7B-A139-1AB45FDEE21D}"
EndProject
Project("{9A19103F-16F7-4668-BE54-9A1E7A4F7556}") = "InputBoxLibrary", "InputBoxLibrary\InputBoxLibrary.csproj", "{FCF62B30-B302-4EC6-8139-01E4F4FEEFA3}"
EndProject
Project("{FAE04EC0-301F-11D3-BF4B-00C04F79EFBC}") = "WPFLibrary", "WPFLibrary\WPFLibrary.csproj", "{FEF61033-F789-4CD6-BB3A-CAB4F7A18A11}"
EndProject
Global
	GlobalSection(SolutionConfigurationPlatforms) = preSolution
		Debug|Any CPU = Debug|Any CPU
		Release|Any CPU = Release|Any CPU
	EndGlobalSection
	GlobalSection(ProjectConfigurationPlatforms) = postSolution
		{39AB38F3-8A9D-4A7B-A139-1AB45FDEE21D}.Debug|Any CPU.ActiveCfg = Debug|Any CPU
		{39AB38F3-8A9D-4A7B-A139-1AB45FDEE21D}.Debug|Any CPU.Build.0 = Debug|Any CPU
		{39AB38F3-8A9D-4A7B-A139-1AB45FDEE21D}.Release|Any CPU.ActiveCfg = Release|Any CPU
		{39AB38F3-8A9D-4A7B-A139-1AB45FDEE21D}.Release|Any CPU.Build.0 = Release|Any CPU
		{FCF62B30-B302-4EC6-8139-01E4F4FEEFA3}.Debug|Any CPU.ActiveCfg = Debug|Any CPU
		{FCF62B30-B302-4EC6-8139-01E4F4FEEFA3}.Debug|Any CPU.Build.0 = Debug|Any CPU
		{FCF62B30-B302-4EC6-8139-01E4F4FEEFA3}.Release|Any CPU.ActiveCfg = Release|Any CPU
		{FCF62B30-B302-4EC6-8139-01E4F4FEEFA3}.Release|Any CPU.Build.0 = Release|Any CPU
		{FEF61033-F789-4CD6-BB3A-CAB4F7A18A11}.Debug|Any CPU.ActiveCfg = Debug|Any CPU
		{FEF61033-F789-4CD6-BB3A-CAB4F7A18A11}.Debug|Any CPU.Build.0 = Debug|Any CPU
		{FEF61033-F789-4CD6-BB3A-CAB4F7A18A11}.Release|Any CPU.ActiveCfg = Release|Any CPU
		{FEF61033-F789-4CD6-BB3A-CAB4F7A18A11}.Release|Any CPU.Build.0 = Release|Any CPU
	EndGlobalSection
	GlobalSection(SolutionProperties) = preSolution
		HideSolutionNode = FALSE
	EndGlobalSection
	GlobalSection(ExtensibilityGlobals) = postSolution
		SolutionGuid = {D96144F6-22B1-4D40-B5CD-02629FCD43FD}
	EndGlobalSection
EndGlobal
