
Microsoft Visual Studio Solution File, Format Version 12.00
# Visual Studio Version 16
VisualStudioVersion = 16.0.31729.503
MinimumVisualStudioVersion = 10.0.40219.1
Project("{FAE04EC0-301F-11D3-BF4B-00C04F79EFBC}") = "JSLibrary", "JSLibrary\JSLibrary.csproj", "{39AB38F3-8A9D-4A7B-A139-1AB45FDEE21D}"
EndProject
Global
	GlobalSection(SolutionConfigurationPlatforms) = preSolution
		Debug|Any CPU = Debug|Any CPU
		Release|Any CPU = Release|Any CPU
	EndGlobalSection
	GlobalSection(ProjectConfigurationPlatforms) = postSolution
		{39AB38F3-8A9D-4A7B-A139-1AB45FDEE21D}.Debug|Any CPU.ActiveCfg = Debug|Any CPU
		{39AB38F3-8A9D-4A7B-A139-1AB45FDEE21D}.Debug|Any CPU.Build.0 = Debug|Any CPU
		{39AB38F3-8A9D-4A7B-A139-1AB45FDEE21D}.Release|Any CPU.ActiveCfg = Release|Any CPU
		{39AB38F3-8A9D-4A7B-A139-1AB45FDEE21D}.Release|Any CPU.Build.0 = Release|Any CPU
	EndGlobalSection
	GlobalSection(SolutionProperties) = preSolution
		HideSolutionNode = FALSE
	EndGlobalSection
	GlobalSection(ExtensibilityGlobals) = postSolution
		SolutionGuid = {D96144F6-22B1-4D40-B5CD-02629FCD43FD}
	EndGlobalSection
EndGlobal
